
Microsoft Visual Studio Solution File, Format Version 12.00
# Visual Studio Version 17
VisualStudioVersion = 17.2.32630.192
MinimumVisualStudioVersion = 10.0.40219.1
Project("{FAE04EC0-301F-11D3-BF4B-00C04F79EFBC}") = "Custodian.Salvage.Api", "Custodian.Salvage.Api\Custodian.Salvage.Api.csproj", "{880DD18D-FB8E-4AB1-880A-591E0A836640}"
EndProject
Project("{2150E333-8FDC-42A3-9474-1A3956D46DE8}") = "src", "src", "{2ED735CE-A09E-4916-94C8-426D29772F50}"
EndProject
Project("{2150E333-8FDC-42A3-9474-1A3956D46DE8}") = "08-Dto", "08-Dto", "{2BA40045-4F1F-44CD-B6A4-4F6B27088A26}"
EndProject
Project("{FAE04EC0-301F-11D3-BF4B-00C04F79EFBC}") = "Custodian.Salvage.Data.Dto", "Custodian.Salvage.Data.Dto\Custodian.Salvage.Data.Dto.csproj", "{0DFAE5C1-0536-4D55-840A-DE9CDDBB916A}"
EndProject
Project("{2150E333-8FDC-42A3-9474-1A3956D46DE8}") = "02-Exceptions", "02-Exceptions", "{7EBAED51-66A5-4DDF-9E36-444842EDAA3A}"
EndProject
Project("{FAE04EC0-301F-11D3-BF4B-00C04F79EFBC}") = "Custodian.Salvage.Exceptions", "Custodian.Salvage.Exceptions\Custodian.Salvage.Exceptions.csproj", "{97CE35E6-2D92-4A7A-9B65-1EE5EDE8DF20}"
EndProject
Project("{2150E333-8FDC-42A3-9474-1A3956D46DE8}") = "01-Api", "01-Api", "{D421708A-DE33-443E-8120-C3CF0A0E6C26}"
EndProject
Project("{2150E333-8FDC-42A3-9474-1A3956D46DE8}") = "04-Security", "04-Security", "{CCB93660-BB35-4BB4-B63F-CD8C7E082007}"
EndProject
Project("{FAE04EC0-301F-11D3-BF4B-00C04F79EFBC}") = "Custodian.Salvage.Security", "Custodian.Salvage.Security\Custodian.Salvage.Security.csproj", "{4B8C595E-904F-472A-B52A-04A8B856A591}"
EndProject
Project("{2150E333-8FDC-42A3-9474-1A3956D46DE8}") = "05-Helpers", "05-Helpers", "{19EC400D-09EA-4967-ABB2-F5B7998DE561}"
EndProject
Project("{FAE04EC0-301F-11D3-BF4B-00C04F79EFBC}") = "Custodian.Salvage.Core.Helpers", "Custodian.Salvage.Core.Helpers\Custodian.Salvage.Core.Helpers.csproj", "{E407A76F-9DC0-41DE-92F9-8799F6822CB8}"
EndProject
Project("{2150E333-8FDC-42A3-9474-1A3956D46DE8}") = "06-Managers", "06-Managers", "{F164BCB3-78A3-4AEF-B518-F81E348A6FAF}"
EndProject
Project("{2150E333-8FDC-42A3-9474-1A3956D46DE8}") = "07-Facade", "07-Facade", "{24361B68-2A6B-4D11-8782-4B7E94DEF8DD}"
EndProject
Project("{FAE04EC0-301F-11D3-BF4B-00C04F79EFBC}") = "Custodian.Salvage.Managers", "Custodian.Salvage.Managers\Custodian.Salvage.Managers.csproj", "{07E46153-415E-4A0B-AEB0-DC8A2D79A5D2}"
EndProject
Project("{FAE04EC0-301F-11D3-BF4B-00C04F79EFBC}") = "Custodian.Salvage.DomainFacade", "Custodian.Salvage.DomainFacade\Custodian.Salvage.DomainFacade.csproj", "{89DD076B-F2FE-4D07-B843-18F600C2A80B}"
EndProject
Project("{2150E333-8FDC-42A3-9474-1A3956D46DE8}") = "09-Database", "09-Database", "{748DC4BC-0DE7-4ABE-BB50-747A90607FB5}"
EndProject
Project("{00D1A9C2-B5F0-4AF3-8072-F6C62B433612}") = "Custodian.Salvage.Database", "Custodian.Salvage.Database\Custodian.Salvage.Database.sqlproj", "{E4457EC4-E469-471D-A8B5-37112567F0C6}"
EndProject
Global
	GlobalSection(SolutionConfigurationPlatforms) = preSolution
		Debug|Any CPU = Debug|Any CPU
		Release|Any CPU = Release|Any CPU
	EndGlobalSection
	GlobalSection(ProjectConfigurationPlatforms) = postSolution
		{880DD18D-FB8E-4AB1-880A-591E0A836640}.Debug|Any CPU.ActiveCfg = Debug|Any CPU
		{880DD18D-FB8E-4AB1-880A-591E0A836640}.Debug|Any CPU.Build.0 = Debug|Any CPU
		{880DD18D-FB8E-4AB1-880A-591E0A836640}.Release|Any CPU.ActiveCfg = Release|Any CPU
		{880DD18D-FB8E-4AB1-880A-591E0A836640}.Release|Any CPU.Build.0 = Release|Any CPU
		{0DFAE5C1-0536-4D55-840A-DE9CDDBB916A}.Debug|Any CPU.ActiveCfg = Debug|Any CPU
		{0DFAE5C1-0536-4D55-840A-DE9CDDBB916A}.Debug|Any CPU.Build.0 = Debug|Any CPU
		{0DFAE5C1-0536-4D55-840A-DE9CDDBB916A}.Release|Any CPU.ActiveCfg = Release|Any CPU
		{0DFAE5C1-0536-4D55-840A-DE9CDDBB916A}.Release|Any CPU.Build.0 = Release|Any CPU
		{97CE35E6-2D92-4A7A-9B65-1EE5EDE8DF20}.Debug|Any CPU.ActiveCfg = Debug|Any CPU
		{97CE35E6-2D92-4A7A-9B65-1EE5EDE8DF20}.Debug|Any CPU.Build.0 = Debug|Any CPU
		{97CE35E6-2D92-4A7A-9B65-1EE5EDE8DF20}.Release|Any CPU.ActiveCfg = Release|Any CPU
		{97CE35E6-2D92-4A7A-9B65-1EE5EDE8DF20}.Release|Any CPU.Build.0 = Release|Any CPU
		{4B8C595E-904F-472A-B52A-04A8B856A591}.Debug|Any CPU.ActiveCfg = Debug|Any CPU
		{4B8C595E-904F-472A-B52A-04A8B856A591}.Debug|Any CPU.Build.0 = Debug|Any CPU
		{4B8C595E-904F-472A-B52A-04A8B856A591}.Release|Any CPU.ActiveCfg = Release|Any CPU
		{4B8C595E-904F-472A-B52A-04A8B856A591}.Release|Any CPU.Build.0 = Release|Any CPU
		{E407A76F-9DC0-41DE-92F9-8799F6822CB8}.Debug|Any CPU.ActiveCfg = Debug|Any CPU
		{E407A76F-9DC0-41DE-92F9-8799F6822CB8}.Debug|Any CPU.Build.0 = Debug|Any CPU
		{E407A76F-9DC0-41DE-92F9-8799F6822CB8}.Release|Any CPU.ActiveCfg = Release|Any CPU
		{E407A76F-9DC0-41DE-92F9-8799F6822CB8}.Release|Any CPU.Build.0 = Release|Any CPU
		{07E46153-415E-4A0B-AEB0-DC8A2D79A5D2}.Debug|Any CPU.ActiveCfg = Debug|Any CPU
		{07E46153-415E-4A0B-AEB0-DC8A2D79A5D2}.Debug|Any CPU.Build.0 = Debug|Any CPU
		{07E46153-415E-4A0B-AEB0-DC8A2D79A5D2}.Release|Any CPU.ActiveCfg = Release|Any CPU
		{07E46153-415E-4A0B-AEB0-DC8A2D79A5D2}.Release|Any CPU.Build.0 = Release|Any CPU
		{89DD076B-F2FE-4D07-B843-18F600C2A80B}.Debug|Any CPU.ActiveCfg = Debug|Any CPU
		{89DD076B-F2FE-4D07-B843-18F600C2A80B}.Debug|Any CPU.Build.0 = Debug|Any CPU
		{89DD076B-F2FE-4D07-B843-18F600C2A80B}.Release|Any CPU.ActiveCfg = Release|Any CPU
		{89DD076B-F2FE-4D07-B843-18F600C2A80B}.Release|Any CPU.Build.0 = Release|Any CPU
		{E4457EC4-E469-471D-A8B5-37112567F0C6}.Debug|Any CPU.ActiveCfg = Debug|Any CPU
		{E4457EC4-E469-471D-A8B5-37112567F0C6}.Debug|Any CPU.Build.0 = Debug|Any CPU
		{E4457EC4-E469-471D-A8B5-37112567F0C6}.Debug|Any CPU.Deploy.0 = Debug|Any CPU
		{E4457EC4-E469-471D-A8B5-37112567F0C6}.Release|Any CPU.ActiveCfg = Release|Any CPU
		{E4457EC4-E469-471D-A8B5-37112567F0C6}.Release|Any CPU.Build.0 = Release|Any CPU
		{E4457EC4-E469-471D-A8B5-37112567F0C6}.Release|Any CPU.Deploy.0 = Release|Any CPU
	EndGlobalSection
	GlobalSection(SolutionProperties) = preSolution
		HideSolutionNode = FALSE
	EndGlobalSection
	GlobalSection(NestedProjects) = preSolution
		{880DD18D-FB8E-4AB1-880A-591E0A836640} = {D421708A-DE33-443E-8120-C3CF0A0E6C26}
		{2BA40045-4F1F-44CD-B6A4-4F6B27088A26} = {2ED735CE-A09E-4916-94C8-426D29772F50}
		{0DFAE5C1-0536-4D55-840A-DE9CDDBB916A} = {2BA40045-4F1F-44CD-B6A4-4F6B27088A26}
		{7EBAED51-66A5-4DDF-9E36-444842EDAA3A} = {2ED735CE-A09E-4916-94C8-426D29772F50}
		{97CE35E6-2D92-4A7A-9B65-1EE5EDE8DF20} = {7EBAED51-66A5-4DDF-9E36-444842EDAA3A}
		{D421708A-DE33-443E-8120-C3CF0A0E6C26} = {2ED735CE-A09E-4916-94C8-426D29772F50}
		{CCB93660-BB35-4BB4-B63F-CD8C7E082007} = {2ED735CE-A09E-4916-94C8-426D29772F50}
		{4B8C595E-904F-472A-B52A-04A8B856A591} = {CCB93660-BB35-4BB4-B63F-CD8C7E082007}
		{19EC400D-09EA-4967-ABB2-F5B7998DE561} = {2ED735CE-A09E-4916-94C8-426D29772F50}
		{E407A76F-9DC0-41DE-92F9-8799F6822CB8} = {19EC400D-09EA-4967-ABB2-F5B7998DE561}
		{F164BCB3-78A3-4AEF-B518-F81E348A6FAF} = {2ED735CE-A09E-4916-94C8-426D29772F50}
		{24361B68-2A6B-4D11-8782-4B7E94DEF8DD} = {2ED735CE-A09E-4916-94C8-426D29772F50}
		{07E46153-415E-4A0B-AEB0-DC8A2D79A5D2} = {F164BCB3-78A3-4AEF-B518-F81E348A6FAF}
		{89DD076B-F2FE-4D07-B843-18F600C2A80B} = {24361B68-2A6B-4D11-8782-4B7E94DEF8DD}
		{748DC4BC-0DE7-4ABE-BB50-747A90607FB5} = {2ED735CE-A09E-4916-94C8-426D29772F50}
		{E4457EC4-E469-471D-A8B5-37112567F0C6} = {748DC4BC-0DE7-4ABE-BB50-747A90607FB5}
	EndGlobalSection
	GlobalSection(ExtensibilityGlobals) = postSolution
		SolutionGuid = {E496A65A-16F4-47C0-B42D-A207422CBE08}
	EndGlobalSection
EndGlobal
